github.com/joho/godotenv v1.5.1 h1:7eLL/+HRGLY0ldzfGMeQkb7vMd0as4CfYvUVzLqw0N0=
github.com/joho/godotenv v1.5.1/go.mod h1:f4LDr5Voq0i2e/R5DDNOoa2zzDfwtkZa6DnEwAbqwq4=
github.com/victorspringer/http-cache v0.0.0-20240105202711-747df1b7981c h1:IV49WzFOs05Kd0JgwZyKcpTQnAUDdYNVAtGhvSUwI6I=
github.com/victorspringer/http-cache v0.0.0-20240105202711-747df1b7981c/go.mod h1:D1AD6nlXv7HkIfTVd8ZWK1KQEiXYNy/LbLkx8H9tIQw=
